// !$*UTF8*$!
{
	archiveVersion = 1;
	classes = {
	};
	objectVersion = 50;
	objects = {

/* Begin PBXBuildFile section */
		7966185D208C95FB0037AA55 /* UIViewController+Additions.swift in Sources */ = {isa = PBXBuildFile; fileRef = 7966185C208C95FB0037AA55 /* UIViewController+Additions.swift */; };
		79661860208CAC940037AA55 /* ModalTableViewController.swift in Sources */ = {isa = PBXBuildFile; fileRef = 7966185E208CAC940037AA55 /* ModalTableViewController.swift */; };
		79661861208CAC940037AA55 /* ModalTableViewController.xib in Resources */ = {isa = PBXBuildFile; fileRef = 7966185F208CAC940037AA55 /* ModalTableViewController.xib */; };
		7966186F208D27660037AA55 /* notas.png in Resources */ = {isa = PBXBuildFile; fileRef = 7966186E208D27660037AA55 /* notas.png */; };
		79661871208D27770037AA55 /* isMain.jpeg in Resources */ = {isa = PBXBuildFile; fileRef = 79661870208D27770037AA55 /* isMain.jpeg */; };
		796BE05F2171FD3300DF2E8B /* NoteViewImage.swift in Sources */ = {isa = PBXBuildFile; fileRef = 796BE05E2171FD3300DF2E8B /* NoteViewImage.swift */; };
		7970DF20217297FF00E06AF4 /* MapViewController.swift in Sources */ = {isa = PBXBuildFile; fileRef = 7970DF1E217297FF00E06AF4 /* MapViewController.swift */; };
		7970DF21217297FF00E06AF4 /* MapViewController.xib in Resources */ = {isa = PBXBuildFile; fileRef = 7970DF1F217297FF00E06AF4 /* MapViewController.xib */; };
		79C2810D208B6907004E03E3 /* AppDelegate.swift in Sources */ = {isa = PBXBuildFile; fileRef = 79C2810C208B6907004E03E3 /* AppDelegate.swift */; };
		79C28114208B6908004E03E3 /* Assets.xcassets in Resources */ = {isa = PBXBuildFile; fileRef = 79C28113208B6908004E03E3 /* Assets.xcassets */; };
		79C28117208B6908004E03E3 /* LaunchScreen.storyboard in Resources */ = {isa = PBXBuildFile; fileRef = 79C28115208B6908004E03E3 /* LaunchScreen.storyboard */; };
		79C28120208B7B73004E03E3 /* ManagedObject.swift in Sources */ = {isa = PBXBuildFile; fileRef = 79C2811F208B7B73004E03E3 /* ManagedObject.swift */; };
		79C28123208B7BF0004E03E3 /* DataManager.swift in Sources */ = {isa = PBXBuildFile; fileRef = 79C28122208B7BF0004E03E3 /* DataManager.swift */; };
		79C28126208B7DBF004E03E3 /* Everpobre.xcdatamodeld in Sources */ = {isa = PBXBuildFile; fileRef = 79C28124208B7DBF004E03E3 /* Everpobre.xcdatamodeld */; };
		79C28129208B878D004E03E3 /* NoteViewController.swift in Sources */ = {isa = PBXBuildFile; fileRef = 79C28127208B878D004E03E3 /* NoteViewController.swift */; };
		79C2812A208B878D004E03E3 /* NoteViewController.xib in Resources */ = {isa = PBXBuildFile; fileRef = 79C28128208B878D004E03E3 /* NoteViewController.xib */; };
		79C2812D208B88B2004E03E3 /* NotesTableViewController.swift in Sources */ = {isa = PBXBuildFile; fileRef = 79C2812B208B88B2004E03E3 /* NotesTableViewController.swift */; };
		79C2812E208B88B2004E03E3 /* NotesTableViewController.xib in Resources */ = {isa = PBXBuildFile; fileRef = 79C2812C208B88B2004E03E3 /* NotesTableViewController.xib */; };
/* End PBXBuildFile section */

/* Begin PBXFileReference section */
		7966185C208C95FB0037AA55 /* UIViewController+Additions.swift */ = {isa = PBXFileReference; lastKnownFileType = sourcecode.swift; path = "UIViewController+Additions.swift"; sourceTree = "<group>"; };
		7966185E208CAC940037AA55 /* ModalTableViewController.swift */ = {isa = PBXFileReference; lastKnownFileType = sourcecode.swift; path = ModalTableViewController.swift; sourceTree = "<group>"; };
		7966185F208CAC940037AA55 /* ModalTableViewController.xib */ = {isa = PBXFileReference; lastKnownFileType = file.xib; path = ModalTableViewController.xib; sourceTree = "<group>"; };
		7966186E208D27660037AA55 /* notas.png */ = {isa = PBXFileReference; lastKnownFileType = image.png; path = notas.png; sourceTree = "<group>"; };
		79661870208D27770037AA55 /* isMain.jpeg */ = {isa = PBXFileReference; lastKnownFileType = image.jpeg; path = isMain.jpeg; sourceTree = "<group>"; };
		796BE05E2171FD3300DF2E8B /* NoteViewImage.swift */ = {isa = PBXFileReference; lastKnownFileType = sourcecode.swift; path = NoteViewImage.swift; sourceTree = "<group>"; };
		7970DF1E217297FF00E06AF4 /* MapViewController.swift */ = {isa = PBXFileReference; lastKnownFileType = sourcecode.swift; path = MapViewController.swift; sourceTree = "<group>"; };
		7970DF1F217297FF00E06AF4 /* MapViewController.xib */ = {isa = PBXFileReference; lastKnownFileType = file.xib; path = MapViewController.xib; sourceTree = "<group>"; };
		79C28109208B6907004E03E3 /* EverpobrePt.app */ = {isa = PBXFileReference; explicitFileType = wrapper.application; includeInIndex = 0; path = EverpobrePt.app; sourceTree = BUILT_PRODUCTS_DIR; };
		79C2810C208B6907004E03E3 /* AppDelegate.swift */ = {isa = PBXFileReference; lastKnownFileType = sourcecode.swift; path = AppDelegate.swift; sourceTree = "<group>"; };
		79C28113208B6908004E03E3 /* Assets.xcassets */ = {isa = PBXFileReference; lastKnownFileType = folder.assetcatalog; path = Assets.xcassets; sourceTree = "<group>"; };
		79C28116208B6908004E03E3 /* Base */ = {isa = PBXFileReference; lastKnownFileType = file.storyboard; name = Base; path = Base.lproj/LaunchScreen.storyboard; sourceTree = "<group>"; };
		79C28118208B6908004E03E3 /* Info.plist */ = {isa = PBXFileReference; lastKnownFileType = text.plist.xml; path = Info.plist; sourceTree = "<group>"; };
		79C2811F208B7B73004E03E3 /* ManagedObject.swift */ = {isa = PBXFileReference; lastKnownFileType = sourcecode.swift; path = ManagedObject.swift; sourceTree = "<group>"; };
		79C28122208B7BF0004E03E3 /* DataManager.swift */ = {isa = PBXFileReference; lastKnownFileType = sourcecode.swift; path = DataManager.swift; sourceTree = "<group>"; };
		79C28125208B7DBF004E03E3 /* Everpobre.xcdatamodel */ = {isa = PBXFileReference; lastKnownFileType = wrapper.xcdatamodel; path = Everpobre.xcdatamodel; sourceTree = "<group>"; };
		79C28127208B878D004E03E3 /* NoteViewController.swift */ = {isa = PBXFileReference; lastKnownFileType = sourcecode.swift; path = NoteViewController.swift; sourceTree = "<group>"; };
		79C28128208B878D004E03E3 /* NoteViewController.xib */ = {isa = PBXFileReference; lastKnownFileType = file.xib; path = NoteViewController.xib; sourceTree = "<group>"; };
		79C2812B208B88B2004E03E3 /* NotesTableViewController.swift */ = {isa = PBXFileReference; lastKnownFileType = sourcecode.swift; path = NotesTableViewController.swift; sourceTree = "<group>"; };
		79C2812C208B88B2004E03E3 /* NotesTableViewController.xib */ = {isa = PBXFileReference; lastKnownFileType = file.xib; path = NotesTableViewController.xib; sourceTree = "<group>"; };
		79C2812F208B9931004E03E3 /* EverpobrePt.entitlements */ = {isa = PBXFileReference; lastKnownFileType = text.plist.entitlements; path = EverpobrePt.entitlements; sourceTree = "<group>"; };
/* End PBXFileReference section */

/* Begin PBXFrameworksBuildPhase section */
		79C28106208B6907004E03E3 /* Frameworks */ = {
			isa = PBXFrameworksBuildPhase;
			buildActionMask = 2147483647;
			files = (
			);
			runOnlyForDeploymentPostprocessing = 0;
		};
/* End PBXFrameworksBuildPhase section */

/* Begin PBXGroup section */
		7966185B208C95BF0037AA55 /* Additions */ = {
			isa = PBXGroup;
			children = (
				79661870208D27770037AA55 /* isMain.jpeg */,
				7966186E208D27660037AA55 /* notas.png */,
				7966185C208C95FB0037AA55 /* UIViewController+Additions.swift */,
			);
			path = Additions;
			sourceTree = "<group>";
		};
		79C28100208B6907004E03E3 = {
			isa = PBXGroup;
			children = (
				79C2810B208B6907004E03E3 /* EverpobrePt */,
				79C2810A208B6907004E03E3 /* Products */,
			);
			sourceTree = "<group>";
		};
		79C2810A208B6907004E03E3 /* Products */ = {
			isa = PBXGroup;
			children = (
				79C28109208B6907004E03E3 /* EverpobrePt.app */,
			);
			name = Products;
			sourceTree = "<group>";
		};
		79C2810B208B6907004E03E3 /* EverpobrePt */ = {
			isa = PBXGroup;
			children = (
				7966185B208C95BF0037AA55 /* Additions */,
				79C2812F208B9931004E03E3 /* EverpobrePt.entitlements */,
				79C2811E208B7B0F004E03E3 /* Model */,
				79C2810C208B6907004E03E3 /* AppDelegate.swift */,
				79C28113208B6908004E03E3 /* Assets.xcassets */,
				79C28115208B6908004E03E3 /* LaunchScreen.storyboard */,
				79C28118208B6908004E03E3 /* Info.plist */,
				79C28127208B878D004E03E3 /* NoteViewController.swift */,
				79C28128208B878D004E03E3 /* NoteViewController.xib */,
				796BE05E2171FD3300DF2E8B /* NoteViewImage.swift */,
				79C2812B208B88B2004E03E3 /* NotesTableViewController.swift */,
				79C2812C208B88B2004E03E3 /* NotesTableViewController.xib */,
				7966185E208CAC940037AA55 /* ModalTableViewController.swift */,
				7966185F208CAC940037AA55 /* ModalTableViewController.xib */,
				7970DF1E217297FF00E06AF4 /* MapViewController.swift */,
				7970DF1F217297FF00E06AF4 /* MapViewController.xib */,
			);
			path = EverpobrePt;
			sourceTree = "<group>";
		};
		79C2811E208B7B0F004E03E3 /* Model */ = {
			isa = PBXGroup;
			children = (
				79C28121208B7BB3004E03E3 /* ManagedObject */,
				79C28122208B7BF0004E03E3 /* DataManager.swift */,
				79C28124208B7DBF004E03E3 /* Everpobre.xcdatamodeld */,
			);
			path = Model;
			sourceTree = "<group>";
		};
		79C28121208B7BB3004E03E3 /* ManagedObject */ = {
			isa = PBXGroup;
			children = (
				79C2811F208B7B73004E03E3 /* ManagedObject.swift */,
			);
			path = ManagedObject;
			sourceTree = "<group>";
		};
/* End PBXGroup section */

/* Begin PBXNativeTarget section */
		79C28108208B6907004E03E3 /* EverpobrePt */ = {
			isa = PBXNativeTarget;
			buildConfigurationList = 79C2811B208B6908004E03E3 /* Build configuration list for PBXNativeTarget "EverpobrePt" */;
			buildPhases = (
				79C28105208B6907004E03E3 /* Sources */,
				79C28106208B6907004E03E3 /* Frameworks */,
				79C28107208B6907004E03E3 /* Resources */,
			);
			buildRules = (
			);
			dependencies = (
			);
			name = EverpobrePt;
			productName = EverpobrePt;
			productReference = 79C28109208B6907004E03E3 /* EverpobrePt.app */;
			productType = "com.apple.product-type.application";
		};
/* End PBXNativeTarget section */

/* Begin PBXProject section */
		79C28101208B6907004E03E3 /* Project object */ = {
			isa = PBXProject;
			attributes = {
				LastSwiftUpdateCheck = 0930;
				LastUpgradeCheck = 0930;
				ORGANIZATIONNAME = "Josep Cristobal";
				TargetAttributes = {
					79C28108208B6907004E03E3 = {
						CreatedOnToolsVersion = 9.3;
						LastSwiftMigration = 1000;
						SystemCapabilities = {
							com.apple.Push = {
								enabled = 1;
							};
						};
					};
				};
			};
			buildConfigurationList = 79C28104208B6907004E03E3 /* Build configuration list for PBXProject "EverpobrePt" */;
			compatibilityVersion = "Xcode 9.3";
			developmentRegion = en;
			hasScannedForEncodings = 0;
			knownRegions = (
				en,
				Base,
			);
			mainGroup = 79C28100208B6907004E03E3;
			productRefGroup = 79C2810A208B6907004E03E3 /* Products */;
			projectDirPath = "";
			projectRoot = "";
			targets = (
				79C28108208B6907004E03E3 /* EverpobrePt */,
			);
		};
/* End PBXProject section */

/* Begin PBXResourcesBuildPhase section */
		79C28107208B6907004E03E3 /* Resources */ = {
			isa = PBXResourcesBuildPhase;
			buildActionMask = 2147483647;
			files = (
				79C28117208B6908004E03E3 /* LaunchScreen.storyboard in Resources */,
				79661861208CAC940037AA55 /* ModalTableViewController.xib in Resources */,
				79C2812E208B88B2004E03E3 /* NotesTableViewController.xib in Resources */,
				7970DF21217297FF00E06AF4 /* MapViewController.xib in Resources */,
				79661871208D27770037AA55 /* isMain.jpeg in Resources */,
				7966186F208D27660037AA55 /* notas.png in Resources */,
				79C2812A208B878D004E03E3 /* NoteViewController.xib in Resources */,
				79C28114208B6908004E03E3 /* Assets.xcassets in Resources */,
			);
			runOnlyForDeploymentPostprocessing = 0;
		};
/* End PBXResourcesBuildPhase section */

/* Begin PBXSourcesBuildPhase section */
		79C28105208B6907004E03E3 /* Sources */ = {
			isa = PBXSourcesBuildPhase;
			buildActionMask = 2147483647;
			files = (
				796BE05F2171FD3300DF2E8B /* NoteViewImage.swift in Sources */,
				79661860208CAC940037AA55 /* ModalTableViewController.swift in Sources */,
				79C28123208B7BF0004E03E3 /* DataManager.swift in Sources */,
				7970DF20217297FF00E06AF4 /* MapViewController.swift in Sources */,
				79C28126208B7DBF004E03E3 /* Everpobre.xcdatamodeld in Sources */,
				79C2810D208B6907004E03E3 /* AppDelegate.swift in Sources */,
				79C28129208B878D004E03E3 /* NoteViewController.swift in Sources */,
				7966185D208C95FB0037AA55 /* UIViewController+Additions.swift in Sources */,
				79C28120208B7B73004E03E3 /* ManagedObject.swift in Sources */,
				79C2812D208B88B2004E03E3 /* NotesTableViewController.swift in Sources */,
			);
			runOnlyForDeploymentPostprocessing = 0;
		};
/* End PBXSourcesBuildPhase section */

/* Begin PBXVariantGroup section */
		79C28115208B6908004E03E3 /* LaunchScreen.storyboard */ = {
			isa = PBXVariantGroup;
			children = (
				79C28116208B6908004E03E3 /* Base */,
			);
			name = LaunchScreen.storyboard;
			sourceTree = "<group>";
		};
/* End PBXVariantGroup section */

/* Begin XCBuildConfiguration section */
		79C28119208B6908004E03E3 /* Debug */ = {
			isa = XCBuildConfiguration;
			buildSettings = {
				ALWAYS_SEARCH_USER_PATHS = NO;
				CLANG_ANALYZER_NONNULL = YES;
				CLANG_ANALYZER_NUMBER_OBJECT_CONVERSION = YES_AGGRESSIVE;
				CLANG_CXX_LANGUAGE_STANDARD = "gnu++14";
				CLANG_CXX_LIBRARY = "libc++";
				CLANG_ENABLE_MODULES = YES;
				CLANG_ENABLE_OBJC_ARC = YES;
				CLANG_ENABLE_OBJC_WEAK = YES;
				CLANG_WARN_BLOCK_CAPTURE_AUTORELEASING = YES;
				CLANG_WARN_BOOL_CONVERSION = YES;
				CLANG_WARN_COMMA = YES;
				CLANG_WARN_CONSTANT_CONVERSION = YES;
				CLANG_WARN_DEPRECATED_OBJC_IMPLEMENTATIONS = YES;
				CLANG_WARN_DIRECT_OBJC_ISA_USAGE = YES_ERROR;
				CLANG_WARN_DOCUMENTATION_COMMENTS = YES;
				CLANG_WARN_EMPTY_BODY = YES;
				CLANG_WARN_ENUM_CONVERSION = YES;
				CLANG_WARN_INFINITE_RECURSION = YES;
				CLANG_WARN_INT_CONVERSION = YES;
				CLANG_WARN_NON_LITERAL_NULL_CONVERSION = YES;
				CLANG_WARN_OBJC_IMPLICIT_RETAIN_SELF = YES;
				CLANG_WARN_OBJC_LITERAL_CONVERSION = YES;
				CLANG_WARN_OBJC_ROOT_CLASS = YES_ERROR;
				CLANG_WARN_RANGE_LOOP_ANALYSIS = YES;
				CLANG_WARN_STRICT_PROTOTYPES = YES;
				CLANG_WARN_SUSPICIOUS_MOVE = YES;
				CLANG_WARN_UNGUARDED_AVAILABILITY = YES_AGGRESSIVE;
				CLANG_WARN_UNREACHABLE_CODE = YES;
				CLANG_WARN__DUPLICATE_METHOD_MATCH = YES;
				CODE_SIGN_IDENTITY = "iPhone Developer";
				COPY_PHASE_STRIP = NO;
				DEBUG_INFORMATION_FORMAT = dwarf;
				ENABLE_STRICT_OBJC_MSGSEND = YES;
				ENABLE_TESTABILITY = YES;
				GCC_C_LANGUAGE_STANDARD = gnu11;
				GCC_DYNAMIC_NO_PIC = NO;
				GCC_NO_COMMON_BLOCKS = YES;
				GCC_OPTIMIZATION_LEVEL = 0;
				GCC_PREPROCESSOR_DEFINITIONS = (
					"DEBUG=1",
					"$(inherited)",
				);
				GCC_WARN_64_TO_32_BIT_CONVERSION = YES;
				GCC_WARN_ABOUT_RETURN_TYPE = YES_ERROR;
				GCC_WARN_UNDECLARED_SELECTOR = YES;
				GCC_WARN_UNINITIALIZED_AUTOS = YES_AGGRESSIVE;
				GCC_WARN_UNUSED_FUNCTION = YES;
				GCC_WARN_UNUSED_VARIABLE = YES;
				IPHONEOS_DEPLOYMENT_TARGET = 11.3;
				MTL_ENABLE_DEBUG_INFO = YES;
				ONLY_ACTIVE_ARCH = YES;
				SDKROOT = iphoneos;
				SWIFT_ACTIVE_COMPILATION_CONDITIONS = DEBUG;
				SWIFT_OPTIMIZATION_LEVEL = "-Onone";
			};
			name = Debug;
		};
		79C2811A208B6908004E03E3 /* Release */ = {
			isa = XCBuildConfiguration;
			buildSettings = {
				ALWAYS_SEARCH_USER_PATHS = NO;
				CLANG_ANALYZER_NONNULL = YES;
				CLANG_ANALYZER_NUMBER_OBJECT_CONVERSION = YES_AGGRESSIVE;
				CLANG_CXX_LANGUAGE_STANDARD = "gnu++14";
				CLANG_CXX_LIBRARY = "libc++";
				CLANG_ENABLE_MODULES = YES;
				CLANG_ENABLE_OBJC_ARC = YES;
				CLANG_ENABLE_OBJC_WEAK = YES;
				CLANG_WARN_BLOCK_CAPTURE_AUTORELEASING = YES;
				CLANG_WARN_BOOL_CONVERSION = YES;
				CLANG_WARN_COMMA = YES;
				CLANG_WARN_CONSTANT_CONVERSION = YES;
				CLANG_WARN_DEPRECATED_OBJC_IMPLEMENTATIONS = YES;
				CLANG_WARN_DIRECT_OBJC_ISA_USAGE = YES_ERROR;
				CLANG_WARN_DOCUMENTATION_COMMENTS = YES;
				CLANG_WARN_EMPTY_BODY = YES;
				CLANG_WARN_ENUM_CONVERSION = YES;
				CLANG_WARN_INFINITE_RECURSION = YES;
				CLANG_WARN_INT_CONVERSION = YES;
				CLANG_WARN_NON_LITERAL_NULL_CONVERSION = YES;
				CLANG_WARN_OBJC_IMPLICIT_RETAIN_SELF = YES;
				CLANG_WARN_OBJC_LITERAL_CONVERSION = YES;
				CLANG_WARN_OBJC_ROOT_CLASS = YES_ERROR;
				CLANG_WARN_RANGE_LOOP_ANALYSIS = YES;
				CLANG_WARN_STRICT_PROTOTYPES = YES;
				CLANG_WARN_SUSPICIOUS_MOVE = YES;
				CLANG_WARN_UNGUARDED_AVAILABILITY = YES_AGGRESSIVE;
				CLANG_WARN_UNREACHABLE_CODE = YES;
				CLANG_WARN__DUPLICATE_METHOD_MATCH = YES;
				CODE_SIGN_IDENTITY = "iPhone Developer";
				COPY_PHASE_STRIP = NO;
				DEBUG_INFORMATION_FORMAT = "dwarf-with-dsym";
				ENABLE_NS_ASSERTIONS = NO;
				ENABLE_STRICT_OBJC_MSGSEND = YES;
				GCC_C_LANGUAGE_STANDARD = gnu11;
				GCC_NO_COMMON_BLOCKS = YES;
				GCC_WARN_64_TO_32_BIT_CONVERSION = YES;
				GCC_WARN_ABOUT_RETURN_TYPE = YES_ERROR;
				GCC_WARN_UNDECLARED_SELECTOR = YES;
				GCC_WARN_UNINITIALIZED_AUTOS = YES_AGGRESSIVE;
				GCC_WARN_UNUSED_FUNCTION = YES;
				GCC_WARN_UNUSED_VARIABLE = YES;
				IPHONEOS_DEPLOYMENT_TARGET = 11.3;
				MTL_ENABLE_DEBUG_INFO = NO;
				SDKROOT = iphoneos;
				SWIFT_COMPILATION_MODE = wholemodule;
				SWIFT_OPTIMIZATION_LEVEL = "-O";
				VALIDATE_PRODUCT = YES;
			};
			name = Release;
		};
		79C2811C208B6908004E03E3 /* Debug */ = {
			isa = XCBuildConfiguration;
			buildSettings = {
				ASSETCATALOG_COMPILER_APPICON_NAME = AppIcon;
				CODE_SIGN_ENTITLEMENTS = EverpobrePt/EverpobrePt.entitlements;
				CODE_SIGN_STYLE = Automatic;
				DEVELOPMENT_TEAM = 33W2XLA9ZF;
				INFOPLIST_FILE = EverpobrePt/Info.plist;
				LD_RUNPATH_SEARCH_PATHS = (
					"$(inherited)",
					"@executable_path/Frameworks",
				);
				PRODUCT_BUNDLE_IDENTIFIER = com.josep.EverpobrePt;
				PRODUCT_NAME = "$(TARGET_NAME)";
				SWIFT_VERSION = 4.2;
				TARGETED_DEVICE_FAMILY = "1,2";
			};
			name = Debug;
		};
		79C2811D208B6908004E03E3 /* Release */ = {
			isa = XCBuildConfiguration;
			buildSettings = {
				ASSETCATALOG_COMPILER_APPICON_NAME = AppIcon;
				CODE_SIGN_ENTITLEMENTS = EverpobrePt/EverpobrePt.entitlements;
				CODE_SIGN_STYLE = Automatic;
				DEVELOPMENT_TEAM = 33W2XLA9ZF;
				INFOPLIST_FILE = EverpobrePt/Info.plist;
				LD_RUNPATH_SEARCH_PATHS = (
					"$(inherited)",
					"@executable_path/Frameworks",
				);
				PRODUCT_BUNDLE_IDENTIFIER = com.josep.EverpobrePt;
				PRODUCT_NAME = "$(TARGET_NAME)";
				SWIFT_VERSION = 4.2;
				TARGETED_DEVICE_FAMILY = "1,2";
			};
			name = Release;
		};
/* End XCBuildConfiguration section */

/* Begin XCConfigurationList section */
		79C28104208B6907004E03E3 /* Build configuration list for PBXProject "EverpobrePt" */ = {
			isa = XCConfigurationList;
			buildConfigurations = (
				79C28119208B6908004E03E3 /* Debug */,
				79C2811A208B6908004E03E3 /* Release */,
			);
			defaultConfigurationIsVisible = 0;
			defaultConfigurationName = Release;
		};
		79C2811B208B6908004E03E3 /* Build configuration list for PBXNativeTarget "EverpobrePt" */ = {
			isa = XCConfigurationList;
			buildConfigurations = (
				79C2811C208B6908004E03E3 /* Debug */,
				79C2811D208B6908004E03E3 /* Release */,
			);
			defaultConfigurationIsVisible = 0;
			defaultConfigurationName = Release;
		};
/* End XCConfigurationList section */

/* Begin XCVersionGroup section */
		79C28124208B7DBF004E03E3 /* Everpobre.xcdatamodeld */ = {
			isa = XCVersionGroup;
			children = (
				79C28125208B7DBF004E03E3 /* Everpobre.xcdatamodel */,
			);
			currentVersion = 79C28125208B7DBF004E03E3 /* Everpobre.xcdatamodel */;
			path = Everpobre.xcdatamodeld;
			sourceTree = "<group>";
			versionGroupType = wrapper.xcdatamodel;
		};
/* End XCVersionGroup section */
	};
	rootObject = 79C28101208B6907004E03E3 /* Project object */;
}
